
Microsoft Visual Studio Solution File, Format Version 12.00
Project("{FAE04EC0-301F-11D3-BF4B-00C04F79EFBC}") = "StocksAPI", "StocksAPI\StocksAPI.csproj", "{A59360B0-7579-46C9-A0E2-27D07E30D842}"
EndProject
Global
	GlobalSection(SolutionConfigurationPlatforms) = preSolution
		Debug|Any CPU = Debug|Any CPU
		Release|Any CPU = Release|Any CPU
	EndGlobalSection
	GlobalSection(ProjectConfigurationPlatforms) = postSolution
		{A59360B0-7579-46C9-A0E2-27D07E30D842}.Debug|Any CPU.ActiveCfg = Debug|Any CPU
		{A59360B0-7579-46C9-A0E2-27D07E30D842}.Debug|Any CPU.Build.0 = Debug|Any CPU
		{A59360B0-7579-46C9-A0E2-27D07E30D842}.Release|Any CPU.ActiveCfg = Release|Any CPU
		{A59360B0-7579-46C9-A0E2-27D07E30D842}.Release|Any CPU.Build.0 = Release|Any CPU
	EndGlobalSection
EndGlobal
